<?xml version="1.0" encoding="utf-8"?>
<Project ToolsVersion="4.0" xmlns="http://schemas.microsoft.com/developer/msbuild/2003">
  <ItemGroup>
    <Filter Include="소스 파일">
      <UniqueIdentifier>{4FC737F1-C7A5-4376-A066-2A32D752A2FF}</UniqueIdentifier>
      <Extensions>cpp;c;cc;cxx;c++;cppm;ixx;def;odl;idl;hpj;bat;asm;asmx</Extensions>
    </Filter>
    <Filter Include="헤더 파일">
      <UniqueIdentifier>{93995380-89BD-4b04-88EB-625FBE52EBFB}</UniqueIdentifier>
      <Extensions>h;hh;hpp;hxx;h++;hm;inl;inc;ipp;xsd</Extensions>
    </Filter>
    <Filter Include="리소스 파일">
      <UniqueIdentifier>{67DA6AB6-F800-4c08-8B7A-83BB121AAD01}</UniqueIdentifier>
      <Extensions>rc;ico;cur;bmp;dlg;rc2;rct;bin;rgs;gif;jpg;jpeg;jpe;resx;tiff;tif;png;wav;mfcribbon-ms</Extensions>
    </Filter>
  </ItemGroup>
  <ItemGroup>
    <ClInclude Include="GL\GLMaterial.h">
      <Filter>헤더 파일</Filter>
    </ClInclude>
    <ClInclude Include="GL\GLMemoryHelpers.h">
      <Filter>헤더 파일</Filter>
    </ClInclude>
    <ClInclude Include="GL\GLMesh.h">
      <Filter>헤더 파일</Filter>
    </ClInclude>
    <ClInclude Include="GL\GLMeshRenderer.h">
      <Filter>헤더 파일</Filter>
    </ClInclude>
    <ClInclude Include="GL\GLPhysics.h">
      <Filter>헤더 파일</Filter>
    </ClInclude>
    <ClInclude Include="GL\GLPrimitiveMeshes.h">
      <Filter>헤더 파일</Filter>
    </ClInclude>
    <ClInclude Include="GL\GLPrimitiveObjects.h">
      <Filter>헤더 파일</Filter>
    </ClInclude>
    <ClInclude Include="GL\GLRigidBody.h">
      <Filter>헤더 파일</Filter>
    </ClInclude>
    <ClInclude Include="GL\GLScene.h">
      <Filter>헤더 파일</Filter>
    </ClInclude>
    <ClInclude Include="GL\GLShader.h">
      <Filter>헤더 파일</Filter>
    </ClInclude>
    <ClInclude Include="GL\GLTransform.h">
      <Filter>헤더 파일</Filter>
    </ClInclude>
    <ClInclude Include="GL\GLWindow.h">
      <Filter>헤더 파일</Filter>
    </ClInclude>
    <ClInclude Include="GL\GL.h">
      <Filter>헤더 파일</Filter>
    </ClInclude>
    <ClInclude Include="GL\GLBasicShader.h">
      <Filter>헤더 파일</Filter>
    </ClInclude>
    <ClInclude Include="GL\GLCamera.h">
      <Filter>헤더 파일</Filter>
    </ClInclude>
    <ClInclude Include="GL\GLColor.h">
      <Filter>헤더 파일</Filter>
    </ClInclude>
    <ClInclude Include="GL\GLComponent.h">
      <Filter>헤더 파일</Filter>
    </ClInclude>
    <ClInclude Include="GL\GLGameObject.h">
      <Filter>헤더 파일</Filter>
    </ClInclude>
    <ClInclude Include="GL\GLHelpers.h">
      <Filter>헤더 파일</Filter>
    </ClInclude>
    <ClInclude Include="GL\GLKeyMapper.h">
      <Filter>헤더 파일</Filter>
    </ClInclude>
    <ClInclude Include="GL\GLLight.h">
      <Filter>헤더 파일</Filter>
    </ClInclude>
    <ClInclude Include="GL\GLMain.h">
      <Filter>헤더 파일</Filter>
    </ClInclude>
  </ItemGroup>
  <ItemGroup>
    <None Include="GL\shaders\BasicTextureFragmentShader.glsl">
      <Filter>소스 파일</Filter>
    </None>
    <None Include="GL\shaders\BasicTextureMaterialFragmentShader.glsl">
      <Filter>소스 파일</Filter>
    </None>
    <None Include="GL\shaders\BasicTextureMaterialVertexShader.glsl">
      <Filter>소스 파일</Filter>
    </None>
    <None Include="GL\shaders\BasicTextureVertexShader.glsl">
      <Filter>소스 파일</Filter>
    </None>
    <None Include="GL\shaders\BasicVertexShader.glsl">
      <Filter>소스 파일</Filter>
    </None>
    <None Include="GL\shaders\BasicFragmentShader.glsl">
      <Filter>소스 파일</Filter>
    </None>
    <None Include="GL\shaders\BasicMaterialFragmentShader.glsl">
      <Filter>소스 파일</Filter>
    </None>
    <None Include="GL\shaders\BasicMaterialVertexShader.glsl">
      <Filter>소스 파일</Filter>
    </None>
  </ItemGroup>
</Project>